
Microsoft Visual Studio Solution File, Format Version 12.00
# Visual Studio Version 16
VisualStudioVersion = 16.0.32002.261
MinimumVisualStudioVersion = 10.0.40219.1
Project("{9A19103F-16F7-4668-BE54-9A1E7A4F7556}") = "ProjectCsvToText", "ProjectCsvToText.csproj", "{0BABC791-571F-4D0F-B4C8-B8460B121C63}"
EndProject
Project("{9A19103F-16F7-4668-BE54-9A1E7A4F7556}") = "ProjectCsvToText.Test", "..\ProjectCsvToText.Test\ProjectCsvToText.Test.csproj", "{14D2DA37-A47F-4980-9A3A-68115A5D52D0}"
EndProject
Global
	GlobalSection(SolutionConfigurationPlatforms) = preSolution
		Debug|Any CPU = Debug|Any CPU
		Release|Any CPU = Release|Any CPU
	EndGlobalSection
	GlobalSection(ProjectConfigurationPlatforms) = postSolution
		{0BABC791-571F-4D0F-B4C8-B8460B121C63}.Debug|Any CPU.ActiveCfg = Debug|Any CPU
		{0BABC791-571F-4D0F-B4C8-B8460B121C63}.Debug|Any CPU.Build.0 = Debug|Any CPU
		{0BABC791-571F-4D0F-B4C8-B8460B121C63}.Release|Any CPU.ActiveCfg = Release|Any CPU
		{0BABC791-571F-4D0F-B4C8-B8460B121C63}.Release|Any CPU.Build.0 = Release|Any CPU
		{14D2DA37-A47F-4980-9A3A-68115A5D52D0}.Debug|Any CPU.ActiveCfg = Debug|Any CPU
		{14D2DA37-A47F-4980-9A3A-68115A5D52D0}.Debug|Any CPU.Build.0 = Debug|Any CPU
		{14D2DA37-A47F-4980-9A3A-68115A5D52D0}.Release|Any CPU.ActiveCfg = Release|Any CPU
		{14D2DA37-A47F-4980-9A3A-68115A5D52D0}.Release|Any CPU.Build.0 = Release|Any CPU
	EndGlobalSection
	GlobalSection(SolutionProperties) = preSolution
		HideSolutionNode = FALSE
	EndGlobalSection
	GlobalSection(ExtensibilityGlobals) = postSolution
		SolutionGuid = {8CFE0A09-36C2-4240-BF7A-1C39BB08B5A0}
	EndGlobalSection
EndGlobal
