
Microsoft Visual Studio Solution File, Format Version 12.00
# Visual Studio Version 16
VisualStudioVersion = 16.0.32002.261
MinimumVisualStudioVersion = 10.0.40219.1
Project("{FAE04EC0-301F-11D3-BF4B-00C04F79EFBC}") = "ProjectCsvToText.Test", "ProjectCsvToText.Test.csproj", "{DAB6D5E3-E4B2-4F19-B723-7753A211D34F}"
EndProject
Global
	GlobalSection(SolutionConfigurationPlatforms) = preSolution
		Debug|Any CPU = Debug|Any CPU
		Release|Any CPU = Release|Any CPU
	EndGlobalSection
	GlobalSection(ProjectConfigurationPlatforms) = postSolution
		{DAB6D5E3-E4B2-4F19-B723-7753A211D34F}.Debug|Any CPU.ActiveCfg = Debug|Any CPU
		{DAB6D5E3-E4B2-4F19-B723-7753A211D34F}.Debug|Any CPU.Build.0 = Debug|Any CPU
		{DAB6D5E3-E4B2-4F19-B723-7753A211D34F}.Release|Any CPU.ActiveCfg = Release|Any CPU
		{DAB6D5E3-E4B2-4F19-B723-7753A211D34F}.Release|Any CPU.Build.0 = Release|Any CPU
	EndGlobalSection
	GlobalSection(SolutionProperties) = preSolution
		HideSolutionNode = FALSE
	EndGlobalSection
	GlobalSection(ExtensibilityGlobals) = postSolution
		SolutionGuid = {D796EB34-18A9-4047-AA46-986D14A69D0C}
	EndGlobalSection
EndGlobal
